
Microsoft Visual Studio Solution File, Format Version 12.00
# Visual Studio Version 17
VisualStudioVersion = 17.4.33205.214
MinimumVisualStudioVersion = 10.0.40219.1
Project("{888888A0-9F3D-457C-B088-3A5042F75D52}") = "speaker", "speaker\speaker.pyproj", "{BC9E0B50-D927-4EF1-B246-4D4EFA4FFEBF}"
EndProject
Global
	GlobalSection(SolutionConfigurationPlatforms) = preSolution
		Debug|Any CPU = Debug|Any CPU
		Release|Any CPU = Release|Any CPU
	EndGlobalSection
	GlobalSection(ProjectConfigurationPlatforms) = postSolution
		{BC9E0B50-D927-4EF1-B246-4D4EFA4FFEBF}.Debug|Any CPU.ActiveCfg = Debug|Any CPU
		{BC9E0B50-D927-4EF1-B246-4D4EFA4FFEBF}.Release|Any CPU.ActiveCfg = Release|Any CPU
	EndGlobalSection
	GlobalSection(SolutionProperties) = preSolution
		HideSolutionNode = FALSE
	EndGlobalSection
	GlobalSection(ExtensibilityGlobals) = postSolution
		SolutionGuid = {35FE3769-197C-494F-B249-CB8E9CF0CBEA}
	EndGlobalSection
EndGlobal
